// !$*UTF8*$!
{
	archiveVersion = 1;
	classes = {
	};
	objectVersion = 51;
	objects = {

/* Begin PBXBuildFile section */
		12A68B2F2C32DD9E17BCBFE0 /* Pods_MGTestJenkins_MGTestJenkinsUITests.framework in Frameworks */ = {isa = PBXBuildFile; fileRef = 5E1EF5A5BA222AE3BBD890AA /* Pods_MGTestJenkins_MGTestJenkinsUITests.framework */; };
		79500E5025A7ECE800DD0EC2 /* ViewController.m in Sources */ = {isa = PBXBuildFile; fileRef = 79CCA75D25A2F6E6002BDED1 /* ViewController.m */; };
		79500E5125A7ECE800DD0EC2 /* AppDelegate.m in Sources */ = {isa = PBXBuildFile; fileRef = 79CCA75725A2F6E6002BDED1 /* AppDelegate.m */; };
		79500E5225A7ECE800DD0EC2 /* main.m in Sources */ = {isa = PBXBuildFile; fileRef = 79CCA76825A2F6E9002BDED1 /* main.m */; };
		79500E5325A7ECE800DD0EC2 /* SceneDelegate.m in Sources */ = {isa = PBXBuildFile; fileRef = 79CCA75A25A2F6E6002BDED1 /* SceneDelegate.m */; };
		79500E5725A7ECE800DD0EC2 /* LaunchScreen.storyboard in Resources */ = {isa = PBXBuildFile; fileRef = 79CCA76425A2F6E9002BDED1 /* LaunchScreen.storyboard */; };
		79500E5825A7ECE800DD0EC2 /* Assets.xcassets in Resources */ = {isa = PBXBuildFile; fileRef = 79CCA76225A2F6E9002BDED1 /* Assets.xcassets */; };
		79500E5925A7ECE800DD0EC2 /* Main.storyboard in Resources */ = {isa = PBXBuildFile; fileRef = 79CCA75F25A2F6E6002BDED1 /* Main.storyboard */; };
		79500E6B25A7ED0000DD0EC2 /* ViewController.m in Sources */ = {isa = PBXBuildFile; fileRef = 79CCA75D25A2F6E6002BDED1 /* ViewController.m */; };
		79500E6C25A7ED0000DD0EC2 /* AppDelegate.m in Sources */ = {isa = PBXBuildFile; fileRef = 79CCA75725A2F6E6002BDED1 /* AppDelegate.m */; };
		79500E6D25A7ED0000DD0EC2 /* main.m in Sources */ = {isa = PBXBuildFile; fileRef = 79CCA76825A2F6E9002BDED1 /* main.m */; };
		79500E6E25A7ED0000DD0EC2 /* SceneDelegate.m in Sources */ = {isa = PBXBuildFile; fileRef = 79CCA75A25A2F6E6002BDED1 /* SceneDelegate.m */; };
		79500E7225A7ED0000DD0EC2 /* LaunchScreen.storyboard in Resources */ = {isa = PBXBuildFile; fileRef = 79CCA76425A2F6E9002BDED1 /* LaunchScreen.storyboard */; };
		79500E7325A7ED0000DD0EC2 /* Assets.xcassets in Resources */ = {isa = PBXBuildFile; fileRef = 79CCA76225A2F6E9002BDED1 /* Assets.xcassets */; };
		79500E7425A7ED0000DD0EC2 /* Main.storyboard in Resources */ = {isa = PBXBuildFile; fileRef = 79CCA75F25A2F6E6002BDED1 /* Main.storyboard */; };
		79CCA75825A2F6E6002BDED1 /* AppDelegate.m in Sources */ = {isa = PBXBuildFile; fileRef = 79CCA75725A2F6E6002BDED1 /* AppDelegate.m */; };
		79CCA75B25A2F6E6002BDED1 /* SceneDelegate.m in Sources */ = {isa = PBXBuildFile; fileRef = 79CCA75A25A2F6E6002BDED1 /* SceneDelegate.m */; };
		79CCA75E25A2F6E6002BDED1 /* ViewController.m in Sources */ = {isa = PBXBuildFile; fileRef = 79CCA75D25A2F6E6002BDED1 /* ViewController.m */; };
		79CCA76125A2F6E6002BDED1 /* Main.storyboard in Resources */ = {isa = PBXBuildFile; fileRef = 79CCA75F25A2F6E6002BDED1 /* Main.storyboard */; };
		79CCA76325A2F6E9002BDED1 /* Assets.xcassets in Resources */ = {isa = PBXBuildFile; fileRef = 79CCA76225A2F6E9002BDED1 /* Assets.xcassets */; };
		79CCA76625A2F6E9002BDED1 /* LaunchScreen.storyboard in Resources */ = {isa = PBXBuildFile; fileRef = 79CCA76425A2F6E9002BDED1 /* LaunchScreen.storyboard */; };
		79CCA76925A2F6E9002BDED1 /* main.m in Sources */ = {isa = PBXBuildFile; fileRef = 79CCA76825A2F6E9002BDED1 /* main.m */; };
		79CCA77325A2F6E9002BDED1 /* MGTestJenkinsTests.m in Sources */ = {isa = PBXBuildFile; fileRef = 79CCA77225A2F6E9002BDED1 /* MGTestJenkinsTests.m */; };
		79CCA77E25A2F6E9002BDED1 /* MGTestJenkinsUITests.m in Sources */ = {isa = PBXBuildFile; fileRef = 79CCA77D25A2F6E9002BDED1 /* MGTestJenkinsUITests.m */; };
		79E57A31DE5760EC92979C1A /* Pods_MGTestJenkinsTests.framework in Frameworks */ = {isa = PBXBuildFile; fileRef = FCE60CD570F906B2A3A01802 /* Pods_MGTestJenkinsTests.framework */; };
/* End PBXBuildFile section */

/* Begin PBXContainerItemProxy section */
		79CCA76F25A2F6E9002BDED1 /* PBXContainerItemProxy */ = {
			isa = PBXContainerItemProxy;
			containerPortal = 79CCA74B25A2F6E6002BDED1 /* Project object */;
			proxyType = 1;
			remoteGlobalIDString = 79CCA75225A2F6E6002BDED1;
			remoteInfo = MGTestJenkins;
		};
		79CCA77A25A2F6E9002BDED1 /* PBXContainerItemProxy */ = {
			isa = PBXContainerItemProxy;
			containerPortal = 79CCA74B25A2F6E6002BDED1 /* Project object */;
			proxyType = 1;
			remoteGlobalIDString = 79CCA75225A2F6E6002BDED1;
			remoteInfo = MGTestJenkins;
		};
/* End PBXContainerItemProxy section */

/* Begin PBXFileReference section */
		10BEDE9F69AF089AD89A0CE3 /* Pods-MGTestJenkins.debug.xcconfig */ = {isa = PBXFileReference; includeInIndex = 1; lastKnownFileType = text.xcconfig; name = "Pods-MGTestJenkins.debug.xcconfig"; path = "Target Support Files/Pods-MGTestJenkins/Pods-MGTestJenkins.debug.xcconfig"; sourceTree = "<group>"; };
		1F715C1D53B76C5EADDDCAEA /* Pods-MGTestJenkins.release.xcconfig */ = {isa = PBXFileReference; includeInIndex = 1; lastKnownFileType = text.xcconfig; name = "Pods-MGTestJenkins.release.xcconfig"; path = "Target Support Files/Pods-MGTestJenkins/Pods-MGTestJenkins.release.xcconfig"; sourceTree = "<group>"; };
		5E1EF5A5BA222AE3BBD890AA /* Pods_MGTestJenkins_MGTestJenkinsUITests.framework */ = {isa = PBXFileReference; explicitFileType = wrapper.framework; includeInIndex = 0; path = Pods_MGTestJenkins_MGTestJenkinsUITests.framework; sourceTree = BUILT_PRODUCTS_DIR; };
		6B3744BF72F8A17B6D01BC06 /* Pods-MGTestJenkins-MGTestJenkinsUITests.debug.xcconfig */ = {isa = PBXFileReference; includeInIndex = 1; lastKnownFileType = text.xcconfig; name = "Pods-MGTestJenkins-MGTestJenkinsUITests.debug.xcconfig"; path = "Target Support Files/Pods-MGTestJenkins-MGTestJenkinsUITests/Pods-MGTestJenkins-MGTestJenkinsUITests.debug.xcconfig"; sourceTree = "<group>"; };
		6F918E1470A6E53591D0CF76 /* Pods-MGTestJenkinsTests.debug.xcconfig */ = {isa = PBXFileReference; includeInIndex = 1; lastKnownFileType = text.xcconfig; name = "Pods-MGTestJenkinsTests.debug.xcconfig"; path = "Target Support Files/Pods-MGTestJenkinsTests/Pods-MGTestJenkinsTests.debug.xcconfig"; sourceTree = "<group>"; };
		7930D71B25A81C8B008F204C /* BetaInfo.plist */ = {isa = PBXFileReference; fileEncoding = 4; lastKnownFileType = text.plist.xml; path = BetaInfo.plist; sourceTree = "<group>"; };
		7930D71C25A81C8B008F204C /* DevInfo.plist */ = {isa = PBXFileReference; fileEncoding = 4; lastKnownFileType = text.plist.xml; path = DevInfo.plist; sourceTree = "<group>"; };
		79500E5E25A7ECE800DD0EC2 /* MGTestJenkinsBeta.app */ = {isa = PBXFileReference; explicitFileType = wrapper.application; includeInIndex = 0; path = MGTestJenkinsBeta.app; sourceTree = BUILT_PRODUCTS_DIR; };
		79500E7925A7ED0000DD0EC2 /* MGTestJenkinsDev.app */ = {isa = PBXFileReference; explicitFileType = wrapper.application; includeInIndex = 0; path = MGTestJenkinsDev.app; sourceTree = BUILT_PRODUCTS_DIR; };
		79B1030725A433EA00D71641 /* MGTestJenkins.entitlements */ = {isa = PBXFileReference; lastKnownFileType = text.plist.entitlements; path = MGTestJenkins.entitlements; sourceTree = "<group>"; };
		79CCA75325A2F6E6002BDED1 /* MGTestJenkins.app */ = {isa = PBXFileReference; explicitFileType = wrapper.application; includeInIndex = 0; path = MGTestJenkins.app; sourceTree = BUILT_PRODUCTS_DIR; };
		79CCA75625A2F6E6002BDED1 /* AppDelegate.h */ = {isa = PBXFileReference; lastKnownFileType = sourcecode.c.h; path = AppDelegate.h; sourceTree = "<group>"; };
		79CCA75725A2F6E6002BDED1 /* AppDelegate.m */ = {isa = PBXFileReference; lastKnownFileType = sourcecode.c.objc; path = AppDelegate.m; sourceTree = "<group>"; };
		79CCA75925A2F6E6002BDED1 /* SceneDelegate.h */ = {isa = PBXFileReference; lastKnownFileType = sourcecode.c.h; path = SceneDelegate.h; sourceTree = "<group>"; };
		79CCA75A25A2F6E6002BDED1 /* SceneDelegate.m */ = {isa = PBXFileReference; lastKnownFileType = sourcecode.c.objc; path = SceneDelegate.m; sourceTree = "<group>"; };
		79CCA75C25A2F6E6002BDED1 /* ViewController.h */ = {isa = PBXFileReference; lastKnownFileType = sourcecode.c.h; path = ViewController.h; sourceTree = "<group>"; };
		79CCA75D25A2F6E6002BDED1 /* ViewController.m */ = {isa = PBXFileReference; lastKnownFileType = sourcecode.c.objc; path = ViewController.m; sourceTree = "<group>"; };
		79CCA76025A2F6E6002BDED1 /* Base */ = {isa = PBXFileReference; lastKnownFileType = file.storyboard; name = Base; path = Base.lproj/Main.storyboard; sourceTree = "<group>"; };
		79CCA76225A2F6E9002BDED1 /* Assets.xcassets */ = {isa = PBXFileReference; lastKnownFileType = folder.assetcatalog; path = Assets.xcassets; sourceTree = "<group>"; };
		79CCA76525A2F6E9002BDED1 /* Base */ = {isa = PBXFileReference; lastKnownFileType = file.storyboard; name = Base; path = Base.lproj/LaunchScreen.storyboard; sourceTree = "<group>"; };
		79CCA76725A2F6E9002BDED1 /* Info.plist */ = {isa = PBXFileReference; lastKnownFileType = text.plist.xml; path = Info.plist; sourceTree = "<group>"; };
		79CCA76825A2F6E9002BDED1 /* main.m */ = {isa = PBXFileReference; lastKnownFileType = sourcecode.c.objc; path = main.m; sourceTree = "<group>"; };
		79CCA76E25A2F6E9002BDED1 /* MGTestJenkinsTests.xctest */ = {isa = PBXFileReference; explicitFileType = wrapper.cfbundle; includeInIndex = 0; path = MGTestJenkinsTests.xctest; sourceTree = BUILT_PRODUCTS_DIR; };
		79CCA77225A2F6E9002BDED1 /* MGTestJenkinsTests.m */ = {isa = PBXFileReference; lastKnownFileType = sourcecode.c.objc; path = MGTestJenkinsTests.m; sourceTree = "<group>"; };
		79CCA77425A2F6E9002BDED1 /* Info.plist */ = {isa = PBXFileReference; lastKnownFileType = text.plist.xml; path = Info.plist; sourceTree = "<group>"; };
		79CCA77925A2F6E9002BDED1 /* MGTestJenkinsUITests.xctest */ = {isa = PBXFileReference; explicitFileType = wrapper.cfbundle; includeInIndex = 0; path = MGTestJenkinsUITests.xctest; sourceTree = BUILT_PRODUCTS_DIR; };
		79CCA77D25A2F6E9002BDED1 /* MGTestJenkinsUITests.m */ = {isa = PBXFileReference; lastKnownFileType = sourcecode.c.objc; path = MGTestJenkinsUITests.m; sourceTree = "<group>"; };
		79CCA77F25A2F6E9002BDED1 /* Info.plist */ = {isa = PBXFileReference; lastKnownFileType = text.plist.xml; path = Info.plist; sourceTree = "<group>"; };
		9439785A456131D523A557A0 /* Pods_MGTestJenkins.framework */ = {isa = PBXFileReference; explicitFileType = wrapper.framework; includeInIndex = 0; path = Pods_MGTestJenkins.framework; sourceTree = BUILT_PRODUCTS_DIR; };
		E3F9D7EFB749AF17F94C133F /* Pods-MGTestJenkinsTests.release.xcconfig */ = {isa = PBXFileReference; includeInIndex = 1; lastKnownFileType = text.xcconfig; name = "Pods-MGTestJenkinsTests.release.xcconfig"; path = "Target Support Files/Pods-MGTestJenkinsTests/Pods-MGTestJenkinsTests.release.xcconfig"; sourceTree = "<group>"; };
		FCE60CD570F906B2A3A01802 /* Pods_MGTestJenkinsTests.framework */ = {isa = PBXFileReference; explicitFileType = wrapper.framework; includeInIndex = 0; path = Pods_MGTestJenkinsTests.framework; sourceTree = BUILT_PRODUCTS_DIR; };
		FDA29E6B2B4A5F581A226FCF /* Pods-MGTestJenkins-MGTestJenkinsUITests.release.xcconfig */ = {isa = PBXFileReference; includeInIndex = 1; lastKnownFileType = text.xcconfig; name = "Pods-MGTestJenkins-MGTestJenkinsUITests.release.xcconfig"; path = "Target Support Files/Pods-MGTestJenkins-MGTestJenkinsUITests/Pods-MGTestJenkins-MGTestJenkinsUITests.release.xcconfig"; sourceTree = "<group>"; };
/* End PBXFileReference section */

/* Begin PBXFrameworksBuildPhase section */
		79500E5425A7ECE800DD0EC2 /* Frameworks */ = {
			isa = PBXFrameworksBuildPhase;
			buildActionMask = 2147483647;
			files = (
			);
			runOnlyForDeploymentPostprocessing = 0;
		};
		79500E6F25A7ED0000DD0EC2 /* Frameworks */ = {
			isa = PBXFrameworksBuildPhase;
			buildActionMask = 2147483647;
			files = (
			);
			runOnlyForDeploymentPostprocessing = 0;
		};
		79CCA75025A2F6E6002BDED1 /* Frameworks */ = {
			isa = PBXFrameworksBuildPhase;
			buildActionMask = 2147483647;
			files = (
			);
			runOnlyForDeploymentPostprocessing = 0;
		};
		79CCA76B25A2F6E9002BDED1 /* Frameworks */ = {
			isa = PBXFrameworksBuildPhase;
			buildActionMask = 2147483647;
			files = (
				79E57A31DE5760EC92979C1A /* Pods_MGTestJenkinsTests.framework in Frameworks */,
			);
			runOnlyForDeploymentPostprocessing = 0;
		};
		79CCA77625A2F6E9002BDED1 /* Frameworks */ = {
			isa = PBXFrameworksBuildPhase;
			buildActionMask = 2147483647;
			files = (
				12A68B2F2C32DD9E17BCBFE0 /* Pods_MGTestJenkins_MGTestJenkinsUITests.framework in Frameworks */,
			);
			runOnlyForDeploymentPostprocessing = 0;
		};
/* End PBXFrameworksBuildPhase section */

/* Begin PBXGroup section */
		19683876B3A73D15399457A4 /* Frameworks */ = {
			isa = PBXGroup;
			children = (
				9439785A456131D523A557A0 /* Pods_MGTestJenkins.framework */,
				5E1EF5A5BA222AE3BBD890AA /* Pods_MGTestJenkins_MGTestJenkinsUITests.framework */,
				FCE60CD570F906B2A3A01802 /* Pods_MGTestJenkinsTests.framework */,
			);
			name = Frameworks;
			sourceTree = "<group>";
		};
		70E1017C8138FD9276AA86EA /* Pods */ = {
			isa = PBXGroup;
			children = (
				10BEDE9F69AF089AD89A0CE3 /* Pods-MGTestJenkins.debug.xcconfig */,
				1F715C1D53B76C5EADDDCAEA /* Pods-MGTestJenkins.release.xcconfig */,
				6B3744BF72F8A17B6D01BC06 /* Pods-MGTestJenkins-MGTestJenkinsUITests.debug.xcconfig */,
				FDA29E6B2B4A5F581A226FCF /* Pods-MGTestJenkins-MGTestJenkinsUITests.release.xcconfig */,
				6F918E1470A6E53591D0CF76 /* Pods-MGTestJenkinsTests.debug.xcconfig */,
				E3F9D7EFB749AF17F94C133F /* Pods-MGTestJenkinsTests.release.xcconfig */,
			);
			path = Pods;
			sourceTree = "<group>";
		};
		79CCA74A25A2F6E6002BDED1 = {
			isa = PBXGroup;
			children = (
				79CCA75525A2F6E6002BDED1 /* MGTestJenkins */,
				79CCA77125A2F6E9002BDED1 /* MGTestJenkinsTests */,
				79CCA77C25A2F6E9002BDED1 /* MGTestJenkinsUITests */,
				79CCA75425A2F6E6002BDED1 /* Products */,
				70E1017C8138FD9276AA86EA /* Pods */,
				19683876B3A73D15399457A4 /* Frameworks */,
			);
			sourceTree = "<group>";
		};
		79CCA75425A2F6E6002BDED1 /* Products */ = {
			isa = PBXGroup;
			children = (
				79CCA75325A2F6E6002BDED1 /* MGTestJenkins.app */,
				79CCA76E25A2F6E9002BDED1 /* MGTestJenkinsTests.xctest */,
				79CCA77925A2F6E9002BDED1 /* MGTestJenkinsUITests.xctest */,
				79500E5E25A7ECE800DD0EC2 /* MGTestJenkinsBeta.app */,
				79500E7925A7ED0000DD0EC2 /* MGTestJenkinsDev.app */,
			);
			name = Products;
			sourceTree = "<group>";
		};
		79CCA75525A2F6E6002BDED1 /* MGTestJenkins */ = {
			isa = PBXGroup;
			children = (
				79B1030725A433EA00D71641 /* MGTestJenkins.entitlements */,
				79CCA75625A2F6E6002BDED1 /* AppDelegate.h */,
				79CCA75725A2F6E6002BDED1 /* AppDelegate.m */,
				79CCA75925A2F6E6002BDED1 /* SceneDelegate.h */,
				79CCA75A25A2F6E6002BDED1 /* SceneDelegate.m */,
				79CCA75C25A2F6E6002BDED1 /* ViewController.h */,
				79CCA75D25A2F6E6002BDED1 /* ViewController.m */,
				79CCA75F25A2F6E6002BDED1 /* Main.storyboard */,
				79CCA76225A2F6E9002BDED1 /* Assets.xcassets */,
				79CCA76425A2F6E9002BDED1 /* LaunchScreen.storyboard */,
				79CCA76725A2F6E9002BDED1 /* Info.plist */,
				7930D71B25A81C8B008F204C /* BetaInfo.plist */,
				7930D71C25A81C8B008F204C /* DevInfo.plist */,
				79CCA76825A2F6E9002BDED1 /* main.m */,
			);
			path = MGTestJenkins;
			sourceTree = "<group>";
		};
		79CCA77125A2F6E9002BDED1 /* MGTestJenkinsTests */ = {
			isa = PBXGroup;
			children = (
				79CCA77225A2F6E9002BDED1 /* MGTestJenkinsTests.m */,
				79CCA77425A2F6E9002BDED1 /* Info.plist */,
			);
			path = MGTestJenkinsTests;
			sourceTree = "<group>";
		};
		79CCA77C25A2F6E9002BDED1 /* MGTestJenkinsUITests */ = {
			isa = PBXGroup;
			children = (
				79CCA77D25A2F6E9002BDED1 /* MGTestJenkinsUITests.m */,
				79CCA77F25A2F6E9002BDED1 /* Info.plist */,
			);
			path = MGTestJenkinsUITests;
			sourceTree = "<group>";
		};
/* End PBXGroup section */

/* Begin PBXNativeTarget section */
		79500E4D25A7ECE800DD0EC2 /* MGTestJenkinsBeta */ = {
			isa = PBXNativeTarget;
			buildConfigurationList = 79500E5B25A7ECE800DD0EC2 /* Build configuration list for PBXNativeTarget "MGTestJenkinsBeta" */;
			buildPhases = (
				79500E4E25A7ECE800DD0EC2 /* [CP] Check Pods Manifest.lock */,
				79500E4F25A7ECE800DD0EC2 /* Sources */,
				79500E5425A7ECE800DD0EC2 /* Frameworks */,
				79500E5625A7ECE800DD0EC2 /* Resources */,
				79500E5A25A7ECE800DD0EC2 /* [CP] Embed Pods Frameworks */,
			);
			buildRules = (
			);
			dependencies = (
			);
			name = MGTestJenkinsBeta;
			productName = MGTestJenkins;
			productReference = 79500E5E25A7ECE800DD0EC2 /* MGTestJenkinsBeta.app */;
			productType = "com.apple.product-type.application";
		};
		79500E6825A7ED0000DD0EC2 /* MGTestJenkinsDev */ = {
			isa = PBXNativeTarget;
			buildConfigurationList = 79500E7625A7ED0000DD0EC2 /* Build configuration list for PBXNativeTarget "MGTestJenkinsDev" */;
			buildPhases = (
				79500E6925A7ED0000DD0EC2 /* [CP] Check Pods Manifest.lock */,
				79500E6A25A7ED0000DD0EC2 /* Sources */,
				79500E6F25A7ED0000DD0EC2 /* Frameworks */,
				79500E7125A7ED0000DD0EC2 /* Resources */,
				79500E7525A7ED0000DD0EC2 /* [CP] Embed Pods Frameworks */,
			);
			buildRules = (
			);
			dependencies = (
			);
			name = MGTestJenkinsDev;
			productName = MGTestJenkins;
			productReference = 79500E7925A7ED0000DD0EC2 /* MGTestJenkinsDev.app */;
			productType = "com.apple.product-type.application";
		};
		79CCA75225A2F6E6002BDED1 /* MGTestJenkins */ = {
			isa = PBXNativeTarget;
			buildConfigurationList = 79CCA78225A2F6E9002BDED1 /* Build configuration list for PBXNativeTarget "MGTestJenkins" */;
			buildPhases = (
				412D7CB19FADDC6959701E6D /* [CP] Check Pods Manifest.lock */,
				79CCA74F25A2F6E6002BDED1 /* Sources */,
				79CCA75025A2F6E6002BDED1 /* Frameworks */,
				79CCA75125A2F6E6002BDED1 /* Resources */,
				5D86A60AFDED7C3D4535016D /* [CP] Embed Pods Frameworks */,
				F81D93F225B337CA00246729 /* ShellScript */,
			);
			buildRules = (
			);
			dependencies = (
			);
			name = MGTestJenkins;
			productName = MGTestJenkins;
			productReference = 79CCA75325A2F6E6002BDED1 /* MGTestJenkins.app */;
			productType = "com.apple.product-type.application";
		};
		79CCA76D25A2F6E9002BDED1 /* MGTestJenkinsTests */ = {
			isa = PBXNativeTarget;
			buildConfigurationList = 79CCA78525A2F6E9002BDED1 /* Build configuration list for PBXNativeTarget "MGTestJenkinsTests" */;
			buildPhases = (
				06D03F5CE285A47AED664AA5 /* [CP] Check Pods Manifest.lock */,
				79CCA76A25A2F6E9002BDED1 /* Sources */,
				79CCA76B25A2F6E9002BDED1 /* Frameworks */,
				79CCA76C25A2F6E9002BDED1 /* Resources */,
			);
			buildRules = (
			);
			dependencies = (
				79CCA77025A2F6E9002BDED1 /* PBXTargetDependency */,
			);
			name = MGTestJenkinsTests;
			productName = MGTestJenkinsTests;
			productReference = 79CCA76E25A2F6E9002BDED1 /* MGTestJenkinsTests.xctest */;
			productType = "com.apple.product-type.bundle.unit-test";
		};
		79CCA77825A2F6E9002BDED1 /* MGTestJenkinsUITests */ = {
			isa = PBXNativeTarget;
			buildConfigurationList = 79CCA78825A2F6E9002BDED1 /* Build configuration list for PBXNativeTarget "MGTestJenkinsUITests" */;
			buildPhases = (
				F1EA25CE9C48576B4829F4D5 /* [CP] Check Pods Manifest.lock */,
				79CCA77525A2F6E9002BDED1 /* Sources */,
				79CCA77625A2F6E9002BDED1 /* Frameworks */,
				79CCA77725A2F6E9002BDED1 /* Resources */,
				A6A3067C738649E063E1A273 /* [CP] Embed Pods Frameworks */,
			);
			buildRules = (
			);
			dependencies = (
				79CCA77B25A2F6E9002BDED1 /* PBXTargetDependency */,
			);
			name = MGTestJenkinsUITests;
			productName = MGTestJenkinsUITests;
			productReference = 79CCA77925A2F6E9002BDED1 /* MGTestJenkinsUITests.xctest */;
			productType = "com.apple.product-type.bundle.ui-testing";
		};
/* End PBXNativeTarget section */

/* Begin PBXProject section */
		79CCA74B25A2F6E6002BDED1 /* Project object */ = {
			isa = PBXProject;
			attributes = {
				LastUpgradeCheck = 1210;
				TargetAttributes = {
					79CCA75225A2F6E6002BDED1 = {
						CreatedOnToolsVersion = 12.1;
					};
					79CCA76D25A2F6E9002BDED1 = {
						CreatedOnToolsVersion = 12.1;
						TestTargetID = 79CCA75225A2F6E6002BDED1;
					};
					79CCA77825A2F6E9002BDED1 = {
						CreatedOnToolsVersion = 12.1;
						TestTargetID = 79CCA75225A2F6E6002BDED1;
					};
				};
			};
			buildConfigurationList = 79CCA74E25A2F6E6002BDED1 /* Build configuration list for PBXProject "MGTestJenkins" */;
			compatibilityVersion = "Xcode 9.3";
			developmentRegion = en;
			hasScannedForEncodings = 0;
			knownRegions = (
				en,
				Base,
			);
			mainGroup = 79CCA74A25A2F6E6002BDED1;
			productRefGroup = 79CCA75425A2F6E6002BDED1 /* Products */;
			projectDirPath = "";
			projectRoot = "";
			targets = (
				79CCA75225A2F6E6002BDED1 /* MGTestJenkins */,
				79500E4D25A7ECE800DD0EC2 /* MGTestJenkinsBeta */,
				79500E6825A7ED0000DD0EC2 /* MGTestJenkinsDev */,
				79CCA76D25A2F6E9002BDED1 /* MGTestJenkinsTests */,
				79CCA77825A2F6E9002BDED1 /* MGTestJenkinsUITests */,
			);
		};
/* End PBXProject section */

/* Begin PBXResourcesBuildPhase section */
		79500E5625A7ECE800DD0EC2 /* Resources */ = {
			isa = PBXResourcesBuildPhase;
			buildActionMask = 2147483647;
			files = (
				79500E5725A7ECE800DD0EC2 /* LaunchScreen.storyboard in Resources */,
				79500E5825A7ECE800DD0EC2 /* Assets.xcassets in Resources */,
				79500E5925A7ECE800DD0EC2 /* Main.storyboard in Resources */,
			);
			runOnlyForDeploymentPostprocessing = 0;
		};
		79500E7125A7ED0000DD0EC2 /* Resources */ = {
			isa = PBXResourcesBuildPhase;
			buildActionMask = 2147483647;
			files = (
				79500E7225A7ED0000DD0EC2 /* LaunchScreen.storyboard in Resources */,
				79500E7325A7ED0000DD0EC2 /* Assets.xcassets in Resources */,
				79500E7425A7ED0000DD0EC2 /* Main.storyboard in Resources */,
			);
			runOnlyForDeploymentPostprocessing = 0;
		};
		79CCA75125A2F6E6002BDED1 /* Resources */ = {
			isa = PBXResourcesBuildPhase;
			buildActionMask = 2147483647;
			files = (
				79CCA76625A2F6E9002BDED1 /* LaunchScreen.storyboard in Resources */,
				79CCA76325A2F6E9002BDED1 /* Assets.xcassets in Resources */,
				79CCA76125A2F6E6002BDED1 /* Main.storyboard in Resources */,
			);
			runOnlyForDeploymentPostprocessing = 0;
		};
		79CCA76C25A2F6E9002BDED1 /* Resources */ = {
			isa = PBXResourcesBuildPhase;
			buildActionMask = 2147483647;
			files = (
			);
			runOnlyForDeploymentPostprocessing = 0;
		};
		79CCA77725A2F6E9002BDED1 /* Resources */ = {
			isa = PBXResourcesBuildPhase;
			buildActionMask = 2147483647;
			files = (
			);
			runOnlyForDeploymentPostprocessing = 0;
		};
/* End PBXResourcesBuildPhase section */

/* Begin PBXShellScriptBuildPhase section */
		06D03F5CE285A47AED664AA5 /* [CP] Check Pods Manifest.lock */ = {
			isa = PBXShellScriptBuildPhase;
			buildActionMask = 2147483647;
			files = (
			);
			inputFileListPaths = (
			);
			inputPaths = (
				"${PODS_PODFILE_DIR_PATH}/Podfile.lock",
				"${PODS_ROOT}/Manifest.lock",
			);
			name = "[CP] Check Pods Manifest.lock";
			outputFileListPaths = (
			);
			outputPaths = (
				"$(DERIVED_FILE_DIR)/Pods-MGTestJenkinsTests-checkManifestLockResult.txt",
			);
			runOnlyForDeploymentPostprocessing = 0;
			shellPath = /bin/sh;
			shellScript = "diff \"${PODS_PODFILE_DIR_PATH}/Podfile.lock\" \"${PODS_ROOT}/Manifest.lock\" > /dev/null\nif [ $? != 0 ] ; then\n    # print error to STDERR\n    echo \"error: The sandbox is not in sync with the Podfile.lock. Run 'pod install' or update your CocoaPods installation.\" >&2\n    exit 1\nfi\n# This output is used by Xcode 'outputs' to avoid re-running this script phase.\necho \"SUCCESS\" > \"${SCRIPT_OUTPUT_FILE_0}\"\n";
			showEnvVarsInLog = 0;
		};
		412D7CB19FADDC6959701E6D /* [CP] Check Pods Manifest.lock */ = {
			isa = PBXShellScriptBuildPhase;
			buildActionMask = 2147483647;
			files = (
			);
			inputFileListPaths = (
			);
			inputPaths = (
				"${PODS_PODFILE_DIR_PATH}/Podfile.lock",
				"${PODS_ROOT}/Manifest.lock",
			);
			name = "[CP] Check Pods Manifest.lock";
			outputFileListPaths = (
			);
			outputPaths = (
				"$(DERIVED_FILE_DIR)/Pods-MGTestJenkins-checkManifestLockResult.txt",
			);
			runOnlyForDeploymentPostprocessing = 0;
			shellPath = /bin/sh;
			shellScript = "diff \"${PODS_PODFILE_DIR_PATH}/Podfile.lock\" \"${PODS_ROOT}/Manifest.lock\" > /dev/null\nif [ $? != 0 ] ; then\n    # print error to STDERR\n    echo \"error: The sandbox is not in sync with the Podfile.lock. Run 'pod install' or update your CocoaPods installation.\" >&2\n    exit 1\nfi\n# This output is used by Xcode 'outputs' to avoid re-running this script phase.\necho \"SUCCESS\" > \"${SCRIPT_OUTPUT_FILE_0}\"\n";
			showEnvVarsInLog = 0;
		};
		5D86A60AFDED7C3D4535016D /* [CP] Embed Pods Frameworks */ = {
			isa = PBXShellScriptBuildPhase;
			buildActionMask = 2147483647;
			files = (
			);
			inputFileListPaths = (
				"${PODS_ROOT}/Target Support Files/Pods-MGTestJenkins/Pods-MGTestJenkins-frameworks-${CONFIGURATION}-input-files.xcfilelist",
			);
			name = "[CP] Embed Pods Frameworks";
			outputFileListPaths = (
				"${PODS_ROOT}/Target Support Files/Pods-MGTestJenkins/Pods-MGTestJenkins-frameworks-${CONFIGURATION}-output-files.xcfilelist",
			);
			runOnlyForDeploymentPostprocessing = 0;
			shellPath = /bin/sh;
			shellScript = "\"${PODS_ROOT}/Target Support Files/Pods-MGTestJenkins/Pods-MGTestJenkins-frameworks.sh\"\n";
			showEnvVarsInLog = 0;
		};
		79500E4E25A7ECE800DD0EC2 /* [CP] Check Pods Manifest.lock */ = {
			isa = PBXShellScriptBuildPhase;
			buildActionMask = 2147483647;
			files = (
			);
			inputFileListPaths = (
			);
			inputPaths = (
				"${PODS_PODFILE_DIR_PATH}/Podfile.lock",
				"${PODS_ROOT}/Manifest.lock",
			);
			name = "[CP] Check Pods Manifest.lock";
			outputFileListPaths = (
			);
			outputPaths = (
				"$(DERIVED_FILE_DIR)/Pods-MGTestJenkins-checkManifestLockResult.txt",
			);
			runOnlyForDeploymentPostprocessing = 0;
			shellPath = /bin/sh;
			shellScript = "diff \"${PODS_PODFILE_DIR_PATH}/Podfile.lock\" \"${PODS_ROOT}/Manifest.lock\" > /dev/null\nif [ $? != 0 ] ; then\n    # print error to STDERR\n    echo \"error: The sandbox is not in sync with the Podfile.lock. Run 'pod install' or update your CocoaPods installation.\" >&2\n    exit 1\nfi\n# This output is used by Xcode 'outputs' to avoid re-running this script phase.\necho \"SUCCESS\" > \"${SCRIPT_OUTPUT_FILE_0}\"\n";
			showEnvVarsInLog = 0;
		};
		79500E5A25A7ECE800DD0EC2 /* [CP] Embed Pods Frameworks */ = {
			isa = PBXShellScriptBuildPhase;
			buildActionMask = 2147483647;
			files = (
			);
			inputFileListPaths = (
				"${PODS_ROOT}/Target Support Files/Pods-MGTestJenkins/Pods-MGTestJenkins-frameworks-${CONFIGURATION}-input-files.xcfilelist",
			);
			name = "[CP] Embed Pods Frameworks";
			outputFileListPaths = (
				"${PODS_ROOT}/Target Support Files/Pods-MGTestJenkins/Pods-MGTestJenkins-frameworks-${CONFIGURATION}-output-files.xcfilelist",
			);
			runOnlyForDeploymentPostprocessing = 0;
			shellPath = /bin/sh;
			shellScript = "\"${PODS_ROOT}/Target Support Files/Pods-MGTestJenkins/Pods-MGTestJenkins-frameworks.sh\"\n";
			showEnvVarsInLog = 0;
		};
		79500E6925A7ED0000DD0EC2 /* [CP] Check Pods Manifest.lock */ = {
			isa = PBXShellScriptBuildPhase;
			buildActionMask = 2147483647;
			files = (
			);
			inputFileListPaths = (
			);
			inputPaths = (
				"${PODS_PODFILE_DIR_PATH}/Podfile.lock",
				"${PODS_ROOT}/Manifest.lock",
			);
			name = "[CP] Check Pods Manifest.lock";
			outputFileListPaths = (
			);
			outputPaths = (
				"$(DERIVED_FILE_DIR)/Pods-MGTestJenkins-checkManifestLockResult.txt",
			);
			runOnlyForDeploymentPostprocessing = 0;
			shellPath = /bin/sh;
			shellScript = "diff \"${PODS_PODFILE_DIR_PATH}/Podfile.lock\" \"${PODS_ROOT}/Manifest.lock\" > /dev/null\nif [ $? != 0 ] ; then\n    # print error to STDERR\n    echo \"error: The sandbox is not in sync with the Podfile.lock. Run 'pod install' or update your CocoaPods installation.\" >&2\n    exit 1\nfi\n# This output is used by Xcode 'outputs' to avoid re-running this script phase.\necho \"SUCCESS\" > \"${SCRIPT_OUTPUT_FILE_0}\"\n";
			showEnvVarsInLog = 0;
		};
		79500E7525A7ED0000DD0EC2 /* [CP] Embed Pods Frameworks */ = {
			isa = PBXShellScriptBuildPhase;
			buildActionMask = 2147483647;
			files = (
			);
			inputFileListPaths = (
				"${PODS_ROOT}/Target Support Files/Pods-MGTestJenkins/Pods-MGTestJenkins-frameworks-${CONFIGURATION}-input-files.xcfilelist",
			);
			name = "[CP] Embed Pods Frameworks";
			outputFileListPaths = (
				"${PODS_ROOT}/Target Support Files/Pods-MGTestJenkins/Pods-MGTestJenkins-frameworks-${CONFIGURATION}-output-files.xcfilelist",
			);
			runOnlyForDeploymentPostprocessing = 0;
			shellPath = /bin/sh;
			shellScript = "\"${PODS_ROOT}/Target Support Files/Pods-MGTestJenkins/Pods-MGTestJenkins-frameworks.sh\"\n";
			showEnvVarsInLog = 0;
		};
		A6A3067C738649E063E1A273 /* [CP] Embed Pods Frameworks */ = {
			isa = PBXShellScriptBuildPhase;
			buildActionMask = 2147483647;
			files = (
			);
			inputFileListPaths = (
				"${PODS_ROOT}/Target Support Files/Pods-MGTestJenkins-MGTestJenkinsUITests/Pods-MGTestJenkins-MGTestJenkinsUITests-frameworks-${CONFIGURATION}-input-files.xcfilelist",
			);
			name = "[CP] Embed Pods Frameworks";
			outputFileListPaths = (
				"${PODS_ROOT}/Target Support Files/Pods-MGTestJenkins-MGTestJenkinsUITests/Pods-MGTestJenkins-MGTestJenkinsUITests-frameworks-${CONFIGURATION}-output-files.xcfilelist",
			);
			runOnlyForDeploymentPostprocessing = 0;
			shellPath = /bin/sh;
			shellScript = "\"${PODS_ROOT}/Target Support Files/Pods-MGTestJenkins-MGTestJenkinsUITests/Pods-MGTestJenkins-MGTestJenkinsUITests-frameworks.sh\"\n";
			showEnvVarsInLog = 0;
		};
		F1EA25CE9C48576B4829F4D5 /* [CP] Check Pods Manifest.lock */ = {
			isa = PBXShellScriptBuildPhase;
			buildActionMask = 2147483647;
			files = (
			);
			inputFileListPaths = (
			);
			inputPaths = (
				"${PODS_PODFILE_DIR_PATH}/Podfile.lock",
				"${PODS_ROOT}/Manifest.lock",
			);
			name = "[CP] Check Pods Manifest.lock";
			outputFileListPaths = (
			);
			outputPaths = (
				"$(DERIVED_FILE_DIR)/Pods-MGTestJenkins-MGTestJenkinsUITests-checkManifestLockResult.txt",
			);
			runOnlyForDeploymentPostprocessing = 0;
			shellPath = /bin/sh;
			shellScript = "diff \"${PODS_PODFILE_DIR_PATH}/Podfile.lock\" \"${PODS_ROOT}/Manifest.lock\" > /dev/null\nif [ $? != 0 ] ; then\n    # print error to STDERR\n    echo \"error: The sandbox is not in sync with the Podfile.lock. Run 'pod install' or update your CocoaPods installation.\" >&2\n    exit 1\nfi\n# This output is used by Xcode 'outputs' to avoid re-running this script phase.\necho \"SUCCESS\" > \"${SCRIPT_OUTPUT_FILE_0}\"\n";
			showEnvVarsInLog = 0;
		};
		F81D93F225B337CA00246729 /* ShellScript */ = {
			isa = PBXShellScriptBuildPhase;
			buildActionMask = 8;
			files = (
			);
			inputFileListPaths = (
			);
			inputPaths = (
			);
			outputFileListPaths = (
			);
			outputPaths = (
			);
			runOnlyForDeploymentPostprocessing = 1;
			shellPath = /bin/sh;
			shellScript = "# Update build number with buldTime\nbuildNumber=$(date +%Y%m%d%H%M%S)\necho \"Updating build number to $buildNumber\"\n/usr/libexec/PlistBuddy -c \"Set :CFBundleVersion $buildNumber\" \"${TARGET_BUILD_DIR}/${INFOPLIST_PATH}\"\n/usr/libexec/PlistBuddy -c \"Set :CFBundleVersion $buildNumber\" \"${BUILT_PRODUCTS_DIR}/${WRAPPER_NAME}.dSYM/Contents/Info.plist\"\n";
		};
/* End PBXShellScriptBuildPhase section */

/* Begin PBXSourcesBuildPhase section */
		79500E4F25A7ECE800DD0EC2 /* Sources */ = {
			isa = PBXSourcesBuildPhase;
			buildActionMask = 2147483647;
			files = (
				79500E5025A7ECE800DD0EC2 /* ViewController.m in Sources */,
				79500E5125A7ECE800DD0EC2 /* AppDelegate.m in Sources */,
				79500E5225A7ECE800DD0EC2 /* main.m in Sources */,
				79500E5325A7ECE800DD0EC2 /* SceneDelegate.m in Sources */,
			);
			runOnlyForDeploymentPostprocessing = 0;
		};
		79500E6A25A7ED0000DD0EC2 /* Sources */ = {
			isa = PBXSourcesBuildPhase;
			buildActionMask = 2147483647;
			files = (
				79500E6B25A7ED0000DD0EC2 /* ViewController.m in Sources */,
				79500E6C25A7ED0000DD0EC2 /* AppDelegate.m in Sources */,
				79500E6D25A7ED0000DD0EC2 /* main.m in Sources */,
				79500E6E25A7ED0000DD0EC2 /* SceneDelegate.m in Sources */,
			);
			runOnlyForDeploymentPostprocessing = 0;
		};
		79CCA74F25A2F6E6002BDED1 /* Sources */ = {
			isa = PBXSourcesBuildPhase;
			buildActionMask = 2147483647;
			files = (
				79CCA75E25A2F6E6002BDED1 /* ViewController.m in Sources */,
				79CCA75825A2F6E6002BDED1 /* AppDelegate.m in Sources */,
				79CCA76925A2F6E9002BDED1 /* main.m in Sources */,
				79CCA75B25A2F6E6002BDED1 /* SceneDelegate.m in Sources */,
			);
			runOnlyForDeploymentPostprocessing = 0;
		};
		79CCA76A25A2F6E9002BDED1 /* Sources */ = {
			isa = PBXSourcesBuildPhase;
			buildActionMask = 2147483647;
			files = (
				79CCA77325A2F6E9002BDED1 /* MGTestJenkinsTests.m in Sources */,
			);
			runOnlyForDeploymentPostprocessing = 0;
		};
		79CCA77525A2F6E9002BDED1 /* Sources */ = {
			isa = PBXSourcesBuildPhase;
			buildActionMask = 2147483647;
			files = (
				79CCA77E25A2F6E9002BDED1 /* MGTestJenkinsUITests.m in Sources */,
			);
			runOnlyForDeploymentPostprocessing = 0;
		};
/* End PBXSourcesBuildPhase section */

/* Begin PBXTargetDependency section */
		79CCA77025A2F6E9002BDED1 /* PBXTargetDependency */ = {
			isa = PBXTargetDependency;
			target = 79CCA75225A2F6E6002BDED1 /* MGTestJenkins */;
			targetProxy = 79CCA76F25A2F6E9002BDED1 /* PBXContainerItemProxy */;
		};
		79CCA77B25A2F6E9002BDED1 /* PBXTargetDependency */ = {
			isa = PBXTargetDependency;
			target = 79CCA75225A2F6E6002BDED1 /* MGTestJenkins */;
			targetProxy = 79CCA77A25A2F6E9002BDED1 /* PBXContainerItemProxy */;
		};
/* End PBXTargetDependency section */

/* Begin PBXVariantGroup section */
		79CCA75F25A2F6E6002BDED1 /* Main.storyboard */ = {
			isa = PBXVariantGroup;
			children = (
				79CCA76025A2F6E6002BDED1 /* Base */,
			);
			name = Main.storyboard;
			sourceTree = "<group>";
		};
		79CCA76425A2F6E9002BDED1 /* LaunchScreen.storyboard */ = {
			isa = PBXVariantGroup;
			children = (
				79CCA76525A2F6E9002BDED1 /* Base */,
			);
			name = LaunchScreen.storyboard;
			sourceTree = "<group>";
		};
/* End PBXVariantGroup section */

/* Begin XCBuildConfiguration section */
		79500E5C25A7ECE800DD0EC2 /* Debug */ = {
			isa = XCBuildConfiguration;
			baseConfigurationReference = 10BEDE9F69AF089AD89A0CE3 /* Pods-MGTestJenkins.debug.xcconfig */;
			buildSettings = {
				ASSETCATALOG_COMPILER_APPICON_NAME = AppIcon;
				ASSETCATALOG_COMPILER_GLOBAL_ACCENT_COLOR_NAME = AccentColor;
				CODE_SIGN_ENTITLEMENTS = MGTestJenkins/MGTestJenkins.entitlements;
				CODE_SIGN_IDENTITY = "Apple Development";
				CODE_SIGN_STYLE = Automatic;
				CURRENT_PROJECT_VERSION = 22;
				DEVELOPMENT_TEAM = SAD9GVSU92;
				GCC_PREPROCESSOR_DEFINITIONS = (
					"$(inherited)",
					"COCOAPODS=1",
					"BETA=1",
					"DEV=0",
				);
				INFOPLIST_FILE = MGTestJenkins/BetaInfo.plist;
				IPHONEOS_DEPLOYMENT_TARGET = 10.0;
				LD_RUNPATH_SEARCH_PATHS = (
					"$(inherited)",
					"@executable_path/Frameworks",
				);
				MARKETING_VERSION = 1.0.2;
				PRODUCT_BUNDLE_IDENTIFIER = com.malgee.MGTestJenkinsBeta;
				PRODUCT_NAME = "$(TARGET_NAME)";
				PROVISIONING_PROFILE_SPECIFIER = "";
				TARGETED_DEVICE_FAMILY = "1,2";
			};
			name = Debug;
		};
		79500E5D25A7ECE800DD0EC2 /* Release */ = {
			isa = XCBuildConfiguration;
			baseConfigurationReference = 1F715C1D53B76C5EADDDCAEA /* Pods-MGTestJenkins.release.xcconfig */;
			buildSettings = {
				ASSETCATALOG_COMPILER_APPICON_NAME = AppIcon;
				ASSETCATALOG_COMPILER_GLOBAL_ACCENT_COLOR_NAME = AccentColor;
				CODE_SIGN_ENTITLEMENTS = MGTestJenkins/MGTestJenkins.entitlements;
				CODE_SIGN_IDENTITY = "Apple Development";
				CODE_SIGN_STYLE = Automatic;
				CURRENT_PROJECT_VERSION = 22;
				DEVELOPMENT_TEAM = SAD9GVSU92;
				GCC_PREPROCESSOR_DEFINITIONS = (
					"$(inherited)",
					"COCOAPODS=1",
					"BETA=1",
					"DEV=0",
				);
				INFOPLIST_FILE = MGTestJenkins/BetaInfo.plist;
				IPHONEOS_DEPLOYMENT_TARGET = 10.0;
				LD_RUNPATH_SEARCH_PATHS = (
					"$(inherited)",
					"@executable_path/Frameworks",
				);
				MARKETING_VERSION = 1.0.2;
				PRODUCT_BUNDLE_IDENTIFIER = com.malgee.MGTestJenkinsBeta;
				PRODUCT_NAME = "$(TARGET_NAME)";
				PROVISIONING_PROFILE_SPECIFIER = "";
				TARGETED_DEVICE_FAMILY = "1,2";
			};
			name = Release;
		};
		79500E7725A7ED0000DD0EC2 /* Debug */ = {
			isa = XCBuildConfiguration;
			baseConfigurationReference = 10BEDE9F69AF089AD89A0CE3 /* Pods-MGTestJenkins.debug.xcconfig */;
			buildSettings = {
				ASSETCATALOG_COMPILER_APPICON_NAME = AppIcon;
				ASSETCATALOG_COMPILER_GLOBAL_ACCENT_COLOR_NAME = AccentColor;
				CODE_SIGN_ENTITLEMENTS = MGTestJenkins/MGTestJenkins.entitlements;
				CODE_SIGN_IDENTITY = "Apple Development";
				CODE_SIGN_STYLE = Automatic;
				CURRENT_PROJECT_VERSION = 33;
				DEVELOPMENT_TEAM = SAD9GVSU92;
				GCC_PREPROCESSOR_DEFINITIONS = (
					"$(inherited)",
					"COCOAPODS=1",
					"BETA=0",
					"DEV=1",
				);
				INFOPLIST_FILE = MGTestJenkins/DevInfo.plist;
				IPHONEOS_DEPLOYMENT_TARGET = 10.0;
				LD_RUNPATH_SEARCH_PATHS = (
					"$(inherited)",
					"@executable_path/Frameworks",
				);
				MARKETING_VERSION = 1.0.3;
				PRODUCT_BUNDLE_IDENTIFIER = com.malgee.MGTestJenkinsDev;
				PRODUCT_NAME = "$(TARGET_NAME)";
				PROVISIONING_PROFILE_SPECIFIER = "";
				TARGETED_DEVICE_FAMILY = "1,2";
			};
			name = Debug;
		};
		79500E7825A7ED0000DD0EC2 /* Release */ = {
			isa = XCBuildConfiguration;
			baseConfigurationReference = 1F715C1D53B76C5EADDDCAEA /* Pods-MGTestJenkins.release.xcconfig */;
			buildSettings = {
				ASSETCATALOG_COMPILER_APPICON_NAME = AppIcon;
				ASSETCATALOG_COMPILER_GLOBAL_ACCENT_COLOR_NAME = AccentColor;
				CODE_SIGN_ENTITLEMENTS = MGTestJenkins/MGTestJenkins.entitlements;
				CODE_SIGN_IDENTITY = "Apple Development";
				CODE_SIGN_STYLE = Automatic;
				CURRENT_PROJECT_VERSION = 33;
				DEVELOPMENT_TEAM = SAD9GVSU92;
				GCC_PREPROCESSOR_DEFINITIONS = (
					"$(inherited)",
					"COCOAPODS=1",
					"BETA=0",
					"DEV=1",
				);
				INFOPLIST_FILE = MGTestJenkins/DevInfo.plist;
				IPHONEOS_DEPLOYMENT_TARGET = 10.0;
				LD_RUNPATH_SEARCH_PATHS = (
					"$(inherited)",
					"@executable_path/Frameworks",
				);
				MARKETING_VERSION = 1.0.3;
				PRODUCT_BUNDLE_IDENTIFIER = com.malgee.MGTestJenkinsDev;
				PRODUCT_NAME = "$(TARGET_NAME)";
				PROVISIONING_PROFILE_SPECIFIER = "";
				TARGETED_DEVICE_FAMILY = "1,2";
			};
			name = Release;
		};
		79CCA78025A2F6E9002BDED1 /* Debug */ = {
			isa = XCBuildConfiguration;
			buildSettings = {
				ALWAYS_SEARCH_USER_PATHS = NO;
				CLANG_ANALYZER_NONNULL = YES;
				CLANG_ANALYZER_NUMBER_OBJECT_CONVERSION = YES_AGGRESSIVE;
				CLANG_CXX_LANGUAGE_STANDARD = "gnu++14";
				CLANG_CXX_LIBRARY = "libc++";
				CLANG_ENABLE_MODULES = YES;
				CLANG_ENABLE_OBJC_ARC = YES;
				CLANG_ENABLE_OBJC_WEAK = YES;
				CLANG_WARN_BLOCK_CAPTURE_AUTORELEASING = YES;
				CLANG_WARN_BOOL_CONVERSION = YES;
				CLANG_WARN_COMMA = YES;
				CLANG_WARN_CONSTANT_CONVERSION = YES;
				CLANG_WARN_DEPRECATED_OBJC_IMPLEMENTATIONS = YES;
				CLANG_WARN_DIRECT_OBJC_ISA_USAGE = YES_ERROR;
				CLANG_WARN_DOCUMENTATION_COMMENTS = YES;
				CLANG_WARN_EMPTY_BODY = YES;
				CLANG_WARN_ENUM_CONVERSION = YES;
				CLANG_WARN_INFINITE_RECURSION = YES;
				CLANG_WARN_INT_CONVERSION = YES;
				CLANG_WARN_NON_LITERAL_NULL_CONVERSION = YES;
				CLANG_WARN_OBJC_IMPLICIT_RETAIN_SELF = YES;
				CLANG_WARN_OBJC_LITERAL_CONVERSION = YES;
				CLANG_WARN_OBJC_ROOT_CLASS = YES_ERROR;
				CLANG_WARN_QUOTED_INCLUDE_IN_FRAMEWORK_HEADER = YES;
				CLANG_WARN_RANGE_LOOP_ANALYSIS = YES;
				CLANG_WARN_STRICT_PROTOTYPES = YES;
				CLANG_WARN_SUSPICIOUS_MOVE = YES;
				CLANG_WARN_UNGUARDED_AVAILABILITY = YES_AGGRESSIVE;
				CLANG_WARN_UNREACHABLE_CODE = YES;
				CLANG_WARN__DUPLICATE_METHOD_MATCH = YES;
				COPY_PHASE_STRIP = NO;
				DEBUG_INFORMATION_FORMAT = dwarf;
				ENABLE_STRICT_OBJC_MSGSEND = YES;
				ENABLE_TESTABILITY = YES;
				GCC_C_LANGUAGE_STANDARD = gnu11;
				GCC_DYNAMIC_NO_PIC = NO;
				GCC_NO_COMMON_BLOCKS = YES;
				GCC_OPTIMIZATION_LEVEL = 0;
				GCC_PREPROCESSOR_DEFINITIONS = (
					"DEBUG=1",
					"$(inherited)",
				);
				GCC_WARN_64_TO_32_BIT_CONVERSION = YES;
				GCC_WARN_ABOUT_RETURN_TYPE = YES_ERROR;
				GCC_WARN_UNDECLARED_SELECTOR = YES;
				GCC_WARN_UNINITIALIZED_AUTOS = YES_AGGRESSIVE;
				GCC_WARN_UNUSED_FUNCTION = YES;
				GCC_WARN_UNUSED_VARIABLE = YES;
				IPHONEOS_DEPLOYMENT_TARGET = 14.1;
				MTL_ENABLE_DEBUG_INFO = INCLUDE_SOURCE;
				MTL_FAST_MATH = YES;
				ONLY_ACTIVE_ARCH = YES;
				SDKROOT = iphoneos;
			};
			name = Debug;
		};
		79CCA78125A2F6E9002BDED1 /* Release */ = {
			isa = XCBuildConfiguration;
			buildSettings = {
				ALWAYS_SEARCH_USER_PATHS = NO;
				CLANG_ANALYZER_NONNULL = YES;
				CLANG_ANALYZER_NUMBER_OBJECT_CONVERSION = YES_AGGRESSIVE;
				CLANG_CXX_LANGUAGE_STANDARD = "gnu++14";
				CLANG_CXX_LIBRARY = "libc++";
				CLANG_ENABLE_MODULES = YES;
				CLANG_ENABLE_OBJC_ARC = YES;
				CLANG_ENABLE_OBJC_WEAK = YES;
				CLANG_WARN_BLOCK_CAPTURE_AUTORELEASING = YES;
				CLANG_WARN_BOOL_CONVERSION = YES;
				CLANG_WARN_COMMA = YES;
				CLANG_WARN_CONSTANT_CONVERSION = YES;
				CLANG_WARN_DEPRECATED_OBJC_IMPLEMENTATIONS = YES;
				CLANG_WARN_DIRECT_OBJC_ISA_USAGE = YES_ERROR;
				CLANG_WARN_DOCUMENTATION_COMMENTS = YES;
				CLANG_WARN_EMPTY_BODY = YES;
				CLANG_WARN_ENUM_CONVERSION = YES;
				CLANG_WARN_INFINITE_RECURSION = YES;
				CLANG_WARN_INT_CONVERSION = YES;
				CLANG_WARN_NON_LITERAL_NULL_CONVERSION = YES;
				CLANG_WARN_OBJC_IMPLICIT_RETAIN_SELF = YES;
				CLANG_WARN_OBJC_LITERAL_CONVERSION = YES;
				CLANG_WARN_OBJC_ROOT_CLASS = YES_ERROR;
				CLANG_WARN_QUOTED_INCLUDE_IN_FRAMEWORK_HEADER = YES;
				CLANG_WARN_RANGE_LOOP_ANALYSIS = YES;
				CLANG_WARN_STRICT_PROTOTYPES = YES;
				CLANG_WARN_SUSPICIOUS_MOVE = YES;
				CLANG_WARN_UNGUARDED_AVAILABILITY = YES_AGGRESSIVE;
				CLANG_WARN_UNREACHABLE_CODE = YES;
				CLANG_WARN__DUPLICATE_METHOD_MATCH = YES;
				COPY_PHASE_STRIP = NO;
				DEBUG_INFORMATION_FORMAT = "dwarf-with-dsym";
				ENABLE_NS_ASSERTIONS = NO;
				ENABLE_STRICT_OBJC_MSGSEND = YES;
				GCC_C_LANGUAGE_STANDARD = gnu11;
				GCC_NO_COMMON_BLOCKS = YES;
				GCC_WARN_64_TO_32_BIT_CONVERSION = YES;
				GCC_WARN_ABOUT_RETURN_TYPE = YES_ERROR;
				GCC_WARN_UNDECLARED_SELECTOR = YES;
				GCC_WARN_UNINITIALIZED_AUTOS = YES_AGGRESSIVE;
				GCC_WARN_UNUSED_FUNCTION = YES;
				GCC_WARN_UNUSED_VARIABLE = YES;
				IPHONEOS_DEPLOYMENT_TARGET = 14.1;
				MTL_ENABLE_DEBUG_INFO = NO;
				MTL_FAST_MATH = YES;
				SDKROOT = iphoneos;
				VALIDATE_PRODUCT = YES;
			};
			name = Release;
		};
		79CCA78325A2F6E9002BDED1 /* Debug */ = {
			isa = XCBuildConfiguration;
			baseConfigurationReference = 10BEDE9F69AF089AD89A0CE3 /* Pods-MGTestJenkins.debug.xcconfig */;
			buildSettings = {
				ASSETCATALOG_COMPILER_APPICON_NAME = AppIcon;
				ASSETCATALOG_COMPILER_GLOBAL_ACCENT_COLOR_NAME = AccentColor;
				CODE_SIGN_ENTITLEMENTS = MGTestJenkins/MGTestJenkins.entitlements;
				CODE_SIGN_IDENTITY = "Apple Development";
				CODE_SIGN_STYLE = Automatic;
				CURRENT_PROJECT_VERSION = 11;
				DEVELOPMENT_TEAM = SAD9GVSU92;
				GCC_PREPROCESSOR_DEFINITIONS = (
					"$(inherited)",
					"COCOAPODS=1",
					"BETA=0",
					"DEV=0",
				);
				INFOPLIST_FILE = MGTestJenkins/Info.plist;
				IPHONEOS_DEPLOYMENT_TARGET = 10.0;
				LD_RUNPATH_SEARCH_PATHS = (
					"$(inherited)",
					"@executable_path/Frameworks",
				);
				MARKETING_VERSION = 1.0.1;
				PRODUCT_BUNDLE_IDENTIFIER = com.malgee.MGTestJenkinsOnline;
				PRODUCT_NAME = "$(TARGET_NAME)";
				PROVISIONING_PROFILE_SPECIFIER = "";
				TARGETED_DEVICE_FAMILY = "1,2";
			};
			name = Debug;
		};
		79CCA78425A2F6E9002BDED1 /* Release */ = {
			isa = XCBuildConfiguration;
			baseConfigurationReference = 1F715C1D53B76C5EADDDCAEA /* Pods-MGTestJenkins.release.xcconfig */;
			buildSettings = {
				ASSETCATALOG_COMPILER_APPICON_NAME = AppIcon;
				ASSETCATALOG_COMPILER_GLOBAL_ACCENT_COLOR_NAME = AccentColor;
				CODE_SIGN_ENTITLEMENTS = MGTestJenkins/MGTestJenkins.entitlements;
				CODE_SIGN_IDENTITY = "Apple Development";
				CODE_SIGN_STYLE = Automatic;
				CURRENT_PROJECT_VERSION = 11;
				DEVELOPMENT_TEAM = SAD9GVSU92;
				GCC_PREPROCESSOR_DEFINITIONS = (
					"$(inherited)",
					"COCOAPODS=1",
					"BETA=0",
					"DEV=0",
				);
				INFOPLIST_FILE = MGTestJenkins/Info.plist;
				IPHONEOS_DEPLOYMENT_TARGET = 10.0;
				LD_RUNPATH_SEARCH_PATHS = (
					"$(inherited)",
					"@executable_path/Frameworks",
				);
				MARKETING_VERSION = 1.0.1;
				PRODUCT_BUNDLE_IDENTIFIER = com.malgee.MGTestJenkinsOnline;
				PRODUCT_NAME = "$(TARGET_NAME)";
				PROVISIONING_PROFILE_SPECIFIER = "";
				TARGETED_DEVICE_FAMILY = "1,2";
			};
			name = Release;
		};
		79CCA78625A2F6E9002BDED1 /* Debug */ = {
			isa = XCBuildConfiguration;
			baseConfigurationReference = 6F918E1470A6E53591D0CF76 /* Pods-MGTestJenkinsTests.debug.xcconfig */;
			buildSettings = {
				BUNDLE_LOADER = "$(TEST_HOST)";
				CODE_SIGN_STYLE = Automatic;
				DEVELOPMENT_TEAM = 3UV83C55S8;
				INFOPLIST_FILE = MGTestJenkinsTests/Info.plist;
				IPHONEOS_DEPLOYMENT_TARGET = 14.1;
				LD_RUNPATH_SEARCH_PATHS = (
					"$(inherited)",
					"@executable_path/Frameworks",
					"@loader_path/Frameworks",
				);
				PRODUCT_BUNDLE_IDENTIFIER = com.malgee.MGTestJenkinsTests;
				PRODUCT_NAME = "$(TARGET_NAME)";
				TARGETED_DEVICE_FAMILY = "1,2";
				TEST_HOST = "$(BUILT_PRODUCTS_DIR)/MGTestJenkins.app/MGTestJenkins";
			};
			name = Debug;
		};
		79CCA78725A2F6E9002BDED1 /* Release */ = {
			isa = XCBuildConfiguration;
			baseConfigurationReference = E3F9D7EFB749AF17F94C133F /* Pods-MGTestJenkinsTests.release.xcconfig */;
			buildSettings = {
				BUNDLE_LOADER = "$(TEST_HOST)";
				CODE_SIGN_STYLE = Automatic;
				DEVELOPMENT_TEAM = 3UV83C55S8;
				INFOPLIST_FILE = MGTestJenkinsTests/Info.plist;
				IPHONEOS_DEPLOYMENT_TARGET = 14.1;
				LD_RUNPATH_SEARCH_PATHS = (
					"$(inherited)",
					"@executable_path/Frameworks",
					"@loader_path/Frameworks",
				);
				PRODUCT_BUNDLE_IDENTIFIER = com.malgee.MGTestJenkinsTests;
				PRODUCT_NAME = "$(TARGET_NAME)";
				TARGETED_DEVICE_FAMILY = "1,2";
				TEST_HOST = "$(BUILT_PRODUCTS_DIR)/MGTestJenkins.app/MGTestJenkins";
			};
			name = Release;
		};
		79CCA78925A2F6E9002BDED1 /* Debug */ = {
			isa = XCBuildConfiguration;
			baseConfigurationReference = 6B3744BF72F8A17B6D01BC06 /* Pods-MGTestJenkins-MGTestJenkinsUITests.debug.xcconfig */;
			buildSettings = {
				CODE_SIGN_STYLE = Automatic;
				DEVELOPMENT_TEAM = 3UV83C55S8;
				INFOPLIST_FILE = MGTestJenkinsUITests/Info.plist;
				LD_RUNPATH_SEARCH_PATHS = (
					"$(inherited)",
					"@executable_path/Frameworks",
					"@loader_path/Frameworks",
				);
				PRODUCT_BUNDLE_IDENTIFIER = com.malgee.MGTestJenkinsUITests;
				PRODUCT_NAME = "$(TARGET_NAME)";
				TARGETED_DEVICE_FAMILY = "1,2";
				TEST_TARGET_NAME = MGTestJenkins;
			};
			name = Debug;
		};
		79CCA78A25A2F6E9002BDED1 /* Release */ = {
			isa = XCBuildConfiguration;
			baseConfigurationReference = FDA29E6B2B4A5F581A226FCF /* Pods-MGTestJenkins-MGTestJenkinsUITests.release.xcconfig */;
			buildSettings = {
				CODE_SIGN_STYLE = Automatic;
				DEVELOPMENT_TEAM = 3UV83C55S8;
				INFOPLIST_FILE = MGTestJenkinsUITests/Info.plist;
				LD_RUNPATH_SEARCH_PATHS = (
					"$(inherited)",
					"@executable_path/Frameworks",
					"@loader_path/Frameworks",
				);
				PRODUCT_BUNDLE_IDENTIFIER = com.malgee.MGTestJenkinsUITests;
				PRODUCT_NAME = "$(TARGET_NAME)";
				TARGETED_DEVICE_FAMILY = "1,2";
				TEST_TARGET_NAME = MGTestJenkins;
			};
			name = Release;
		};
/* End XCBuildConfiguration section */

/* Begin XCConfigurationList section */
		79500E5B25A7ECE800DD0EC2 /* Build configuration list for PBXNativeTarget "MGTestJenkinsBeta" */ = {
			isa = XCConfigurationList;
			buildConfigurations = (
				79500E5C25A7ECE800DD0EC2 /* Debug */,
				79500E5D25A7ECE800DD0EC2 /* Release */,
			);
			defaultConfigurationIsVisible = 0;
			defaultConfigurationName = Release;
		};
		79500E7625A7ED0000DD0EC2 /* Build configuration list for PBXNativeTarget "MGTestJenkinsDev" */ = {
			isa = XCConfigurationList;
			buildConfigurations = (
				79500E7725A7ED0000DD0EC2 /* Debug */,
				79500E7825A7ED0000DD0EC2 /* Release */,
			);
			defaultConfigurationIsVisible = 0;
			defaultConfigurationName = Release;
		};
		79CCA74E25A2F6E6002BDED1 /* Build configuration list for PBXProject "MGTestJenkins" */ = {
			isa = XCConfigurationList;
			buildConfigurations = (
				79CCA78025A2F6E9002BDED1 /* Debug */,
				79CCA78125A2F6E9002BDED1 /* Release */,
			);
			defaultConfigurationIsVisible = 0;
			defaultConfigurationName = Release;
		};
		79CCA78225A2F6E9002BDED1 /* Build configuration list for PBXNativeTarget "MGTestJenkins" */ = {
			isa = XCConfigurationList;
			buildConfigurations = (
				79CCA78325A2F6E9002BDED1 /* Debug */,
				79CCA78425A2F6E9002BDED1 /* Release */,
			);
			defaultConfigurationIsVisible = 0;
			defaultConfigurationName = Release;
		};
		79CCA78525A2F6E9002BDED1 /* Build configuration list for PBXNativeTarget "MGTestJenkinsTests" */ = {
			isa = XCConfigurationList;
			buildConfigurations = (
				79CCA78625A2F6E9002BDED1 /* Debug */,
				79CCA78725A2F6E9002BDED1 /* Release */,
			);
			defaultConfigurationIsVisible = 0;
			defaultConfigurationName = Release;
		};
		79CCA78825A2F6E9002BDED1 /* Build configuration list for PBXNativeTarget "MGTestJenkinsUITests" */ = {
			isa = XCConfigurationList;
			buildConfigurations = (
				79CCA78925A2F6E9002BDED1 /* Debug */,
				79CCA78A25A2F6E9002BDED1 /* Release */,
			);
			defaultConfigurationIsVisible = 0;
			defaultConfigurationName = Release;
		};
/* End XCConfigurationList section */
	};
	rootObject = 79CCA74B25A2F6E6002BDED1 /* Project object */;
}
